# This file is automatically @generated by Cargo.
# It is not intended for manual editing.
version = 3

[[package]]
name = "carstein_testing"
version = "0.1.0"
dependencies = [
 "timeloop",
]

[[package]]
name = "timeloop"
version = "0.1.0"
source = "git+https://github.com/ctfhacker/timeloop#0c666897ff994ea740a16a0e6dc90e9843581517"
